{
  "lockfileVersion": 1,
  "workspaces": {
    "": {
      "name": "@flowscripter/mpeg-sdl-tool",
      "dependencies": {
        "@flowscripter/dynamic-cli-framework": "latest",
        "@flowscripter/mpeg-sdl-parser": "latest",
      },
      "devDependencies": {
        "@types/bun": "latest",
      },
      "peerDependencies": {
        "typescript": "latest",
      },
    },
  },
  "packages": {
    "@flowscripter/dynamic-cli-framework": ["@flowscripter/dynamic-cli-framework@1.1.4", "", { "dependencies": { "emphasize": "^7.0.0", "fastest-levenshtein": "^1.0.16", "figlet": "^1.8.0", "highlight.js": "^11.11.1", "prettier": "^3.5.3", "supports-color": "^10.0.0", "ts-log": "^2.2.7" }, "peerDependencies": { "typescript": "^5.8.3" } }, "sha512-gCPxAW97BnpN+8Ohq1v19POJm0fG6si5uNu68BpEKTnOsEL7Lp18Y1WyUNx+I1z+K8ya8mTptxPcSwtAdOHkWg=="],

    "@flowscripter/mpeg-sdl-parser": ["@flowscripter/mpeg-sdl-parser@1.1.9", "", { "dependencies": { "typescript-parsec": "^0.3.4" }, "peerDependencies": { "typescript": "^5.8.3" } }, "sha512-H/vOowsUq+LYP1VDWnV1xtkSZxysk8XSkcqPdS9aoySKKIT1j7eZkfvHdBNGM9r1jczroZt+bW2Rbsxw+nHEXw=="],

    "@types/bun": ["@types/bun@1.2.9", "", { "dependencies": { "bun-types": "1.2.9" } }, "sha512-epShhLGQYc4Bv/aceHbmBhOz1XgUnuTZgcxjxk+WXwNyDXavv5QHD1QEFV0FwbTSQtNq6g4ZcV6y0vZakTjswg=="],

    "@types/hast": ["@types/hast@3.0.4", "", { "dependencies": { "@types/unist": "*" } }, "sha512-WPs+bbQw5aCj+x6laNGWLH3wviHtoCv/P3+otBhbOhJgG8qtpdAMlTCxLtsTWA7LH1Oh/bFCHsBn0TPS5m30EQ=="],

    "@types/node": ["@types/node@22.13.10", "", { "dependencies": { "undici-types": "~6.20.0" } }, "sha512-I6LPUvlRH+O6VRUqYOcMudhaIdUVWfsjnZavnsraHvpBwaEyMN29ry+0UVJhImYL16xsscu0aske3yA+uPOWfw=="],

    "@types/unist": ["@types/unist@3.0.3", "", {}, "sha512-ko/gIFJRv177XgZsZcBwnqJN5x/Gien8qNOn0D5bQU/zAzVf9Zt3BlcUiLqhV9y4ARk0GbT3tnUiPNgnTXzc/Q=="],

    "@types/ws": ["@types/ws@8.5.14", "", { "dependencies": { "@types/node": "*" } }, "sha512-bd/YFLW+URhBzMXurx7lWByOu+xzU9+kb3RboOteXYDfW+tr+JZa99OyNmPINEGB/ahzKrEuc8rcv4gnpJmxTw=="],

    "bun-types": ["bun-types@1.2.9", "", { "dependencies": { "@types/node": "*", "@types/ws": "*" } }, "sha512-dk/kOEfQbajENN/D6FyiSgOKEuUi9PWfqKQJEgwKrCMWbjS/S6tEXp178mWvWAcUSYm9ArDlWHZKO3T/4cLXiw=="],

    "chalk": ["chalk@5.4.1", "", {}, "sha512-zgVZuo2WcZgfUEmsn6eO3kINexW8RAE4maiQ8QNs8CtpPCSyMiYsULR3HQYkm3w8FIA3SberyMJMSldGsW+U3w=="],

    "dequal": ["dequal@2.0.3", "", {}, "sha512-0je+qPKHEMohvfRTCEo3CrPG6cAzAYgmzKyxRiYSSDkS6eGJdyVJm7WaYA5ECaAD9wLB2T4EEeymA5aFVcYXCA=="],

    "devlop": ["devlop@1.1.0", "", { "dependencies": { "dequal": "^2.0.0" } }, "sha512-RWmIqhcFf1lRYBvNmr7qTNuyCt/7/ns2jbpp1+PalgE/rDQcBT0fioSMUpJ93irlUhC5hrg4cYqe6U+0ImW0rA=="],

    "emphasize": ["emphasize@7.0.0", "", { "dependencies": { "@types/hast": "^3.0.0", "chalk": "^5.0.0", "highlight.js": "~11.9.0", "lowlight": "~3.1.0" } }, "sha512-jdFCDyt+YetBXO12VwK4AiLsMCvkZ3IBxMVIJddB+25EwIL0VETBgpvPkJl63+JyAgaQ5Wja10qWMoXXC95JNg=="],

    "fastest-levenshtein": ["fastest-levenshtein@1.0.16", "", {}, "sha512-eRnCtTTtGZFpQCwhJiUOuxPQWRXVKYDn0b2PeHfXL6/Zi53SLAzAHfVhVWK2AryC/WH05kGfxhFIPvTF0SXQzg=="],

    "figlet": ["figlet@1.8.0", "", { "bin": { "figlet": "bin/index.js" } }, "sha512-chzvGjd+Sp7KUvPHZv6EXV5Ir3Q7kYNpCr4aHrRW79qFtTefmQZNny+W1pW9kf5zeE6dikku2W50W/wAH2xWgw=="],

    "highlight.js": ["highlight.js@11.11.1", "", {}, "sha512-Xwwo44whKBVCYoliBQwaPvtd/2tYFkRQtXDWj1nackaV2JPXx3L0+Jvd8/qCJ2p+ML0/XVkJ2q+Mr+UVdpJK5w=="],

    "lowlight": ["lowlight@3.1.0", "", { "dependencies": { "@types/hast": "^3.0.0", "devlop": "^1.0.0", "highlight.js": "~11.9.0" } }, "sha512-CEbNVoSikAxwDMDPjXlqlFYiZLkDJHwyGu/MfOsJnF3d7f3tds5J3z8s/l9TMXhzfsJCCJEAsD78842mwmg0PQ=="],

    "prettier": ["prettier@3.5.3", "", { "bin": { "prettier": "bin/prettier.cjs" } }, "sha512-QQtaxnoDJeAkDvDKWCLiwIXkTgRhwYDEQCghU9Z6q03iyek/rxRh/2lC3HB7P8sWT2xC/y5JDctPLBIGzHKbhw=="],

    "supports-color": ["supports-color@10.0.0", "", {}, "sha512-HRVVSbCCMbj7/kdWF9Q+bbckjBHLtHMEoJWlkmYzzdwhYMkjkOwubLM6t7NbWKjgKamGDrWL1++KrjUO1t9oAQ=="],

    "ts-log": ["ts-log@2.2.7", "", {}, "sha512-320x5Ggei84AxzlXp91QkIGSw5wgaLT6GeAH0KsqDmRZdVWW2OiSeVvElVoatk3f7nicwXlElXsoFkARiGE2yg=="],

    "typescript": ["typescript@5.8.3", "", { "bin": { "tsc": "bin/tsc", "tsserver": "bin/tsserver" } }, "sha512-p1diW6TqL9L07nNxvRMM7hMMw4c5XOo/1ibL4aAIGmSAt9slTE1Xgw5KWuof2uTOvCg9BY7ZRi+GaF+7sfgPeQ=="],

    "typescript-parsec": ["typescript-parsec@0.3.4", "", {}, "sha512-6RD4xOxp26BTZLopNbqT2iErqNhQZZWb5m5F07/UwGhldGvOAKOl41pZ3fxsFp04bNL+PbgMjNfb6IvJAC/uYQ=="],

    "undici-types": ["undici-types@6.20.0", "", {}, "sha512-Ny6QZ2Nju20vw1SRHe3d9jVu6gJ+4e3+MMpqu7pqE5HT6WsTSlce++GQmK5UXS8mzV8DSYHrQH+Xrf2jVcuKNg=="],

    "emphasize/highlight.js": ["highlight.js@11.9.0", "", {}, "sha512-fJ7cW7fQGCYAkgv4CPfwFHrfd/cLS4Hau96JuJ+ZTOWhjnhoeN1ub1tFmALm/+lW5z4WCAuAV9bm05AP0mS6Gw=="],

    "lowlight/highlight.js": ["highlight.js@11.9.0", "", {}, "sha512-fJ7cW7fQGCYAkgv4CPfwFHrfd/cLS4Hau96JuJ+ZTOWhjnhoeN1ub1tFmALm/+lW5z4WCAuAV9bm05AP0mS6Gw=="],
  }
}
