{
  "lockfileVersion": 1,
  "workspaces": {
    "": {
      "name": "@flowscripter/mpeg-sdl-tool",
      "dependencies": {
        "@flowscripter/dynamic-cli-framework": "latest",
        "@mpeggroup/mpeg-sdl-parser": "latest",
      },
      "devDependencies": {
        "@types/bun": "latest",
      },
      "peerDependencies": {
        "typescript": "latest",
      },
    },
  },
  "packages": {
    "@codemirror/state": ["@codemirror/state@6.5.2", "", { "dependencies": { "@marijn/find-cluster-break": "^1.0.0" } }, "sha512-FVqsPqtPWKVVL3dPSxy8wEF/ymIEuVzF1PK3VbUgrxXpJUSHQWWZz4JMToquRxnkw+36LTamCZG2iua2Ptq0fA=="],

    "@flowscripter/dynamic-cli-framework": ["@flowscripter/dynamic-cli-framework@1.1.6", "", { "dependencies": { "emphasize": "^7.0.0", "fastest-levenshtein": "^1.0.16", "figlet": "^1.8.1", "highlight.js": "^11.11.1", "prettier": "^3.5.3", "supports-color": "^10.0.0", "ts-log": "^2.2.7" }, "peerDependencies": { "typescript": "^5.8.3" } }, "sha512-Yv5tlduM0A/v38LmhwE8vkEqQQ2mp3YkEgwj0+OfdQ7qY/WIjBlmGjubMMhmQxgbVLjyMJiXHIZd2cObb5XZSg=="],

    "@lezer/common": ["@lezer/common@1.2.3", "", {}, "sha512-w7ojc8ejBqr2REPsWxJjrMFsA/ysDCFICn8zEOR9mrqzOu2amhITYuLD8ag6XZf0CFXDrhKqw7+tW8cX66NaDA=="],

    "@lezer/generator": ["@lezer/generator@1.8.0", "", { "dependencies": { "@lezer/common": "^1.1.0", "@lezer/lr": "^1.3.0" }, "bin": { "lezer-generator": "src/lezer-generator.cjs" } }, "sha512-/SF4EDWowPqV1jOgoGSGTIFsE7Ezdr7ZYxyihl5eMKVO5tlnpIhFcDavgm1hHY5GEonoOAEnJ0CU0x+tvuAuUg=="],

    "@lezer/lr": ["@lezer/lr@1.4.2", "", { "dependencies": { "@lezer/common": "^1.0.0" } }, "sha512-pu0K1jCIdnQ12aWNaAVU5bzi7Bd1w54J3ECgANPmYLtQKP0HBj2cE/5coBD66MT10xbtIuUr7tg0Shbsvk0mDA=="],

    "@marijn/find-cluster-break": ["@marijn/find-cluster-break@1.0.2", "", {}, "sha512-l0h88YhZFyKdXIFNfSWpyjStDjGHwZ/U7iobcK1cQQD8sejsONdQtTVU+1wVN1PBw40PiiHB1vA5S7VTfQiP9g=="],

    "@mpeggroup/mpeg-sdl-parser": ["@mpeggroup/mpeg-sdl-parser@1.0.9", "https://npm.pkg.github.com/download/@mpeggroup/mpeg-sdl-parser/1.0.9/14c6fde1699b3dde3cb6fead27dc4f30d2f71d8a", { "dependencies": { "@codemirror/state": "^6.5.2", "@lezer/common": "^1.2.3", "@lezer/generator": "^1.8.0", "@lezer/lr": "^1.4.2", "prettier": "^3.6.2" }, "peerDependencies": { "typescript": "^5.9.3" } }, "sha512-YijBOkU9WWNjPUlc51wikU4yn7GSTyNqkm0VQETj4xTD3oyTvxzQn/Yf3r11G6YJ1NwNpOMwDm12Dx2ageJbsQ=="],

    "@types/bun": ["@types/bun@1.3.0", "", { "dependencies": { "bun-types": "1.3.0" } }, "sha512-+lAGCYjXjip2qY375xX/scJeVRmZ5cY0wyHYyCYxNcdEXrQ4AOe3gACgd4iQ8ksOslJtW4VNxBJ8llUwc3a6AA=="],

    "@types/hast": ["@types/hast@3.0.4", "", { "dependencies": { "@types/unist": "*" } }, "sha512-WPs+bbQw5aCj+x6laNGWLH3wviHtoCv/P3+otBhbOhJgG8qtpdAMlTCxLtsTWA7LH1Oh/bFCHsBn0TPS5m30EQ=="],

    "@types/node": ["@types/node@22.13.10", "", { "dependencies": { "undici-types": "~6.20.0" } }, "sha512-I6LPUvlRH+O6VRUqYOcMudhaIdUVWfsjnZavnsraHvpBwaEyMN29ry+0UVJhImYL16xsscu0aske3yA+uPOWfw=="],

    "@types/react": ["@types/react@19.1.8", "", { "dependencies": { "csstype": "^3.0.2" } }, "sha512-AwAfQ2Wa5bCx9WP8nZL2uMZWod7J7/JSplxbTmBQ5ms6QpqNYm672H0Vu9ZVKVngQ+ii4R/byguVEUZQyeg44g=="],

    "@types/unist": ["@types/unist@3.0.3", "", {}, "sha512-ko/gIFJRv177XgZsZcBwnqJN5x/Gien8qNOn0D5bQU/zAzVf9Zt3BlcUiLqhV9y4ARk0GbT3tnUiPNgnTXzc/Q=="],

    "bun-types": ["bun-types@1.3.0", "", { "dependencies": { "@types/node": "*" }, "peerDependencies": { "@types/react": "^19" } }, "sha512-u8X0thhx+yJ0KmkxuEo9HAtdfgCBaM/aI9K90VQcQioAmkVp3SG3FkwWGibUFz3WdXAdcsqOcbU40lK7tbHdkQ=="],

    "chalk": ["chalk@5.4.1", "", {}, "sha512-zgVZuo2WcZgfUEmsn6eO3kINexW8RAE4maiQ8QNs8CtpPCSyMiYsULR3HQYkm3w8FIA3SberyMJMSldGsW+U3w=="],

    "csstype": ["csstype@3.1.3", "", {}, "sha512-M1uQkMl8rQK/szD0LNhtqxIPLpimGm8sOBwU7lLnCpSbTyY3yeU1Vc7l4KT5zT4s/yOxHH5O7tIuuLOCnLADRw=="],

    "dequal": ["dequal@2.0.3", "", {}, "sha512-0je+qPKHEMohvfRTCEo3CrPG6cAzAYgmzKyxRiYSSDkS6eGJdyVJm7WaYA5ECaAD9wLB2T4EEeymA5aFVcYXCA=="],

    "devlop": ["devlop@1.1.0", "", { "dependencies": { "dequal": "^2.0.0" } }, "sha512-RWmIqhcFf1lRYBvNmr7qTNuyCt/7/ns2jbpp1+PalgE/rDQcBT0fioSMUpJ93irlUhC5hrg4cYqe6U+0ImW0rA=="],

    "emphasize": ["emphasize@7.0.0", "", { "dependencies": { "@types/hast": "^3.0.0", "chalk": "^5.0.0", "highlight.js": "~11.9.0", "lowlight": "~3.1.0" } }, "sha512-jdFCDyt+YetBXO12VwK4AiLsMCvkZ3IBxMVIJddB+25EwIL0VETBgpvPkJl63+JyAgaQ5Wja10qWMoXXC95JNg=="],

    "fastest-levenshtein": ["fastest-levenshtein@1.0.16", "", {}, "sha512-eRnCtTTtGZFpQCwhJiUOuxPQWRXVKYDn0b2PeHfXL6/Zi53SLAzAHfVhVWK2AryC/WH05kGfxhFIPvTF0SXQzg=="],

    "figlet": ["figlet@1.8.1", "", { "bin": { "figlet": "bin/index.js" } }, "sha512-kEC3Sme+YvA8Hkibv0NR1oClGcWia0VB2fC1SlMy027cwe795Xx40Xiv/nw/iFAwQLupymWh+uhAAErn/7hwPg=="],

    "highlight.js": ["highlight.js@11.11.1", "", {}, "sha512-Xwwo44whKBVCYoliBQwaPvtd/2tYFkRQtXDWj1nackaV2JPXx3L0+Jvd8/qCJ2p+ML0/XVkJ2q+Mr+UVdpJK5w=="],

    "lowlight": ["lowlight@3.1.0", "", { "dependencies": { "@types/hast": "^3.0.0", "devlop": "^1.0.0", "highlight.js": "~11.9.0" } }, "sha512-CEbNVoSikAxwDMDPjXlqlFYiZLkDJHwyGu/MfOsJnF3d7f3tds5J3z8s/l9TMXhzfsJCCJEAsD78842mwmg0PQ=="],

    "prettier": ["prettier@3.5.3", "", { "bin": { "prettier": "bin/prettier.cjs" } }, "sha512-QQtaxnoDJeAkDvDKWCLiwIXkTgRhwYDEQCghU9Z6q03iyek/rxRh/2lC3HB7P8sWT2xC/y5JDctPLBIGzHKbhw=="],

    "supports-color": ["supports-color@10.0.0", "", {}, "sha512-HRVVSbCCMbj7/kdWF9Q+bbckjBHLtHMEoJWlkmYzzdwhYMkjkOwubLM6t7NbWKjgKamGDrWL1++KrjUO1t9oAQ=="],

    "ts-log": ["ts-log@2.2.7", "", {}, "sha512-320x5Ggei84AxzlXp91QkIGSw5wgaLT6GeAH0KsqDmRZdVWW2OiSeVvElVoatk3f7nicwXlElXsoFkARiGE2yg=="],

    "typescript": ["typescript@5.9.3", "", { "bin": { "tsc": "bin/tsc", "tsserver": "bin/tsserver" } }, "sha512-jl1vZzPDinLr9eUt3J/t7V6FgNEw9QjvBPdysz9KfQDD41fQrC2Y4vKQdiaUpFT4bXlb1RHhLpp8wtm6M5TgSw=="],

    "undici-types": ["undici-types@6.20.0", "", {}, "sha512-Ny6QZ2Nju20vw1SRHe3d9jVu6gJ+4e3+MMpqu7pqE5HT6WsTSlce++GQmK5UXS8mzV8DSYHrQH+Xrf2jVcuKNg=="],

    "@mpeggroup/mpeg-sdl-parser/prettier": ["prettier@3.6.2", "", { "bin": { "prettier": "bin/prettier.cjs" } }, "sha512-I7AIg5boAr5R0FFtJ6rCfD+LFsWHp81dolrFD8S79U9tb8Az2nGrJncnMSnys+bpQJfRUzqs9hnA81OAA3hCuQ=="],

    "emphasize/highlight.js": ["highlight.js@11.9.0", "", {}, "sha512-fJ7cW7fQGCYAkgv4CPfwFHrfd/cLS4Hau96JuJ+ZTOWhjnhoeN1ub1tFmALm/+lW5z4WCAuAV9bm05AP0mS6Gw=="],

    "lowlight/highlight.js": ["highlight.js@11.9.0", "", {}, "sha512-fJ7cW7fQGCYAkgv4CPfwFHrfd/cLS4Hau96JuJ+ZTOWhjnhoeN1ub1tFmALm/+lW5z4WCAuAV9bm05AP0mS6Gw=="],
  }
}
